
Microsoft Visual Studio Solution File, Format Version 12.00
# Visual Studio Version 17
VisualStudioVersion = 17.11.35303.130
MinimumVisualStudioVersion = 10.0.40219.1
Project("{9A19103F-16F7-4668-BE54-9A1E7A4F7556}") = "Moodle-Migration", "Moodle-Migration.csproj", "{307BFD2E-A5DE-470E-8AE3-2B7B23C394FA}"
EndProject
Project("{9A19103F-16F7-4668-BE54-9A1E7A4F7556}") = "Moodle-Migration-WebUI", "..\Moodle-Migration-WebUI\Moodle-Migration-WebUI.csproj", "{1E698539-671C-4912-B291-780B15C8F9BB}"
EndProject
Global
	GlobalSection(SolutionConfigurationPlatforms) = preSolution
		Debug|Any CPU = Debug|Any CPU
		Release|Any CPU = Release|Any CPU
	EndGlobalSection
	GlobalSection(ProjectConfigurationPlatforms) = postSolution
		{307BFD2E-A5DE-470E-8AE3-2B7B23C394FA}.Debug|Any CPU.ActiveCfg = Debug|Any CPU
		{307BFD2E-A5DE-470E-8AE3-2B7B23C394FA}.Debug|Any CPU.Build.0 = Debug|Any CPU
		{307BFD2E-A5DE-470E-8AE3-2B7B23C394FA}.Release|Any CPU.ActiveCfg = Release|Any CPU
		{307BFD2E-A5DE-470E-8AE3-2B7B23C394FA}.Release|Any CPU.Build.0 = Release|Any CPU
		{1E698539-671C-4912-B291-780B15C8F9BB}.Debug|Any CPU.ActiveCfg = Debug|Any CPU
		{1E698539-671C-4912-B291-780B15C8F9BB}.Debug|Any CPU.Build.0 = Debug|Any CPU
		{1E698539-671C-4912-B291-780B15C8F9BB}.Release|Any CPU.ActiveCfg = Release|Any CPU
		{1E698539-671C-4912-B291-780B15C8F9BB}.Release|Any CPU.Build.0 = Release|Any CPU
	EndGlobalSection
	GlobalSection(SolutionProperties) = preSolution
		HideSolutionNode = FALSE
	EndGlobalSection
	GlobalSection(ExtensibilityGlobals) = postSolution
		SolutionGuid = {73B515B8-D52D-43C4-A427-66341EA821B2}
	EndGlobalSection
EndGlobal
